
Microsoft Visual Studio Solution File, Format Version 12.00
# Visual Studio Version 17
VisualStudioVersion = 17.11.35222.181
MinimumVisualStudioVersion = 10.0.40219.1
Project("{9A19103F-16F7-4668-BE54-9A1E7A4F7556}") = "Atlas.Origin.Console", "utility\Atlas.Origin.Console\Atlas.Origin.Console.csproj", "{748DD70F-8EE6-4BC4-8F6C-35E17335ED1F}"
EndProject
Project("{9A19103F-16F7-4668-BE54-9A1E7A4F7556}") = "Origin.Core", "src\Origin\Origin.Core\Origin.Core.csproj", "{0DEE721C-6CC1-4D09-9803-1D5AE9B35366}"
EndProject
Project("{9A19103F-16F7-4668-BE54-9A1E7A4F7556}") = "Origin.Service", "src\Origin\Origin.Service\Origin.Service.csproj", "{64EEF0F7-01D4-40D4-A1F4-8BDFCEECA5BE}"
EndProject
Project("{2150E333-8FDC-42A3-9474-1A3956D46DE8}") = "tests", "tests", "{2591F0E5-BC24-4BDE-80FC-ADAC543597F4}"
EndProject
Project("{2150E333-8FDC-42A3-9474-1A3956D46DE8}") = "utility", "utility", "{758742AA-E947-424E-891F-71F3B153F3EC}"
EndProject
Project("{9A19103F-16F7-4668-BE54-9A1E7A4F7556}") = "Origin.Tests", "tests\Origin.Tests\Origin.Tests.csproj", "{45193870-5D60-4870-8FE7-671F7493C157}"
EndProject
Project("{9A19103F-16F7-4668-BE54-9A1E7A4F7556}") = "Origin.Resources", "src\Origin\Origin.Resources\Origin.Resources.csproj", "{855A7A96-BCAE-457B-A992-B8AA6C7141CF}"
EndProject
Project("{9A19103F-16F7-4668-BE54-9A1E7A4F7556}") = "Origin.Generator.OpenXml", "src\Origin\Origin.Generator.OpenXml\Origin.Generator.OpenXml.csproj", "{AA36D1D1-8F4C-4BE2-AC9C-1CA00D11E7B6}"
EndProject
Project("{9A19103F-16F7-4668-BE54-9A1E7A4F7556}") = "Origin.Generator.PdfSharp", "src\Origin\Origin.Generator.PdfSharp\Origin.Generator.PdfSharp.csproj", "{126249CF-5F86-4AA6-AB96-72E8C0FC24B8}"
EndProject
Global
	GlobalSection(SolutionConfigurationPlatforms) = preSolution
		Debug|Any CPU = Debug|Any CPU
		Release|Any CPU = Release|Any CPU
	EndGlobalSection
	GlobalSection(ProjectConfigurationPlatforms) = postSolution
		{748DD70F-8EE6-4BC4-8F6C-35E17335ED1F}.Debug|Any CPU.ActiveCfg = Debug|Any CPU
		{748DD70F-8EE6-4BC4-8F6C-35E17335ED1F}.Debug|Any CPU.Build.0 = Debug|Any CPU
		{748DD70F-8EE6-4BC4-8F6C-35E17335ED1F}.Release|Any CPU.ActiveCfg = Release|Any CPU
		{748DD70F-8EE6-4BC4-8F6C-35E17335ED1F}.Release|Any CPU.Build.0 = Release|Any CPU
		{0DEE721C-6CC1-4D09-9803-1D5AE9B35366}.Debug|Any CPU.ActiveCfg = Debug|Any CPU
		{0DEE721C-6CC1-4D09-9803-1D5AE9B35366}.Debug|Any CPU.Build.0 = Debug|Any CPU
		{0DEE721C-6CC1-4D09-9803-1D5AE9B35366}.Release|Any CPU.ActiveCfg = Release|Any CPU
		{0DEE721C-6CC1-4D09-9803-1D5AE9B35366}.Release|Any CPU.Build.0 = Release|Any CPU
		{64EEF0F7-01D4-40D4-A1F4-8BDFCEECA5BE}.Debug|Any CPU.ActiveCfg = Debug|Any CPU
		{64EEF0F7-01D4-40D4-A1F4-8BDFCEECA5BE}.Debug|Any CPU.Build.0 = Debug|Any CPU
		{64EEF0F7-01D4-40D4-A1F4-8BDFCEECA5BE}.Release|Any CPU.ActiveCfg = Release|Any CPU
		{64EEF0F7-01D4-40D4-A1F4-8BDFCEECA5BE}.Release|Any CPU.Build.0 = Release|Any CPU
		{45193870-5D60-4870-8FE7-671F7493C157}.Debug|Any CPU.ActiveCfg = Debug|Any CPU
		{45193870-5D60-4870-8FE7-671F7493C157}.Debug|Any CPU.Build.0 = Debug|Any CPU
		{45193870-5D60-4870-8FE7-671F7493C157}.Release|Any CPU.ActiveCfg = Release|Any CPU
		{45193870-5D60-4870-8FE7-671F7493C157}.Release|Any CPU.Build.0 = Release|Any CPU
		{855A7A96-BCAE-457B-A992-B8AA6C7141CF}.Debug|Any CPU.ActiveCfg = Debug|Any CPU
		{855A7A96-BCAE-457B-A992-B8AA6C7141CF}.Debug|Any CPU.Build.0 = Debug|Any CPU
		{855A7A96-BCAE-457B-A992-B8AA6C7141CF}.Release|Any CPU.ActiveCfg = Release|Any CPU
		{855A7A96-BCAE-457B-A992-B8AA6C7141CF}.Release|Any CPU.Build.0 = Release|Any CPU
		{AA36D1D1-8F4C-4BE2-AC9C-1CA00D11E7B6}.Debug|Any CPU.ActiveCfg = Debug|Any CPU
		{AA36D1D1-8F4C-4BE2-AC9C-1CA00D11E7B6}.Debug|Any CPU.Build.0 = Debug|Any CPU
		{AA36D1D1-8F4C-4BE2-AC9C-1CA00D11E7B6}.Release|Any CPU.ActiveCfg = Release|Any CPU
		{AA36D1D1-8F4C-4BE2-AC9C-1CA00D11E7B6}.Release|Any CPU.Build.0 = Release|Any CPU
		{126249CF-5F86-4AA6-AB96-72E8C0FC24B8}.Debug|Any CPU.ActiveCfg = Debug|Any CPU
		{126249CF-5F86-4AA6-AB96-72E8C0FC24B8}.Debug|Any CPU.Build.0 = Debug|Any CPU
		{126249CF-5F86-4AA6-AB96-72E8C0FC24B8}.Release|Any CPU.ActiveCfg = Release|Any CPU
		{126249CF-5F86-4AA6-AB96-72E8C0FC24B8}.Release|Any CPU.Build.0 = Release|Any CPU
	EndGlobalSection
	GlobalSection(SolutionProperties) = preSolution
		HideSolutionNode = FALSE
	EndGlobalSection
	GlobalSection(NestedProjects) = preSolution
		{748DD70F-8EE6-4BC4-8F6C-35E17335ED1F} = {758742AA-E947-424E-891F-71F3B153F3EC}
		{45193870-5D60-4870-8FE7-671F7493C157} = {2591F0E5-BC24-4BDE-80FC-ADAC543597F4}
	EndGlobalSection
	GlobalSection(ExtensibilityGlobals) = postSolution
		SolutionGuid = {E418C472-BDD7-4480-9E55-9F4FD833855F}
	EndGlobalSection
EndGlobal
