
Microsoft Visual Studio Solution File, Format Version 12.00
# Visual Studio Version 17
VisualStudioVersion = 17.7.34018.315
MinimumVisualStudioVersion = 10.0.40219.1
Project("{9A19103F-16F7-4668-BE54-9A1E7A4F7556}") = "Atlas.Core", "src\Atlas.Core\Atlas.Core.csproj", "{FEE35182-9EFC-4C03-BE6E-4E559CD0B06D}"
EndProject
Project("{9A19103F-16F7-4668-BE54-9A1E7A4F7556}") = "Atlas.Requests", "src\Atlas.Requests\Atlas.Requests.csproj", "{239BCA19-D4D8-4934-83AB-8FBFA4766F78}"
EndProject
Project("{9A19103F-16F7-4668-BE54-9A1E7A4F7556}") = "Atlas.Data.Access", "src\Atlas.Data.Access\Atlas.Data.Access.csproj", "{5D03E064-5903-490C-A3AE-A0F3BD7685B6}"
EndProject
Project("{9A19103F-16F7-4668-BE54-9A1E7A4F7556}") = "Atlas.API", "src\Atlas.API\Atlas.API.csproj", "{61BDCE0B-ABFE-49DF-AA64-4F7CEE0FB0BE}"
EndProject
Project("{2150E333-8FDC-42A3-9474-1A3956D46DE8}") = "src", "src", "{4D561DB1-6F2C-4895-88D3-91379F9CFEE6}"
EndProject
Project("{2150E333-8FDC-42A3-9474-1A3956D46DE8}") = "data", "data", "{3EAA21BB-8BC5-4B8A-AFDE-519610BD9CD9}"
EndProject
Project("{9A19103F-16F7-4668-BE54-9A1E7A4F7556}") = "Atlas.Migrations.SQLServer", "data\Atlas.Migrations.SQLServer\Atlas.Migrations.SQLServer.csproj", "{61E5DB54-AA6D-410A-9369-977B7127B618}"
EndProject
Project("{9A19103F-16F7-4668-BE54-9A1E7A4F7556}") = "Atlas.Seed.Data", "data\Atlas.Seed.Data\Atlas.Seed.Data.csproj", "{63B373C4-A14E-4698-A159-2D32EF6E7E0F}"
EndProject
Project("{9A19103F-16F7-4668-BE54-9A1E7A4F7556}") = "Atlas.Migrations.SQLite", "data\Atlas.Migrations.SQLite\Atlas.Migrations.SQLite.csproj", "{9829A0EE-1814-49A6-B015-3EF0BEFAA457}"
EndProject
Project("{9A19103F-16F7-4668-BE54-9A1E7A4F7556}") = "Atlas.Blazor.Web.App", "src\Atlas.Blazor.Web.App\Atlas.Blazor.Web.App.csproj", "{603C00D0-2857-4920-947D-8EBFEC3139EF}"
EndProject
Project("{9A19103F-16F7-4668-BE54-9A1E7A4F7556}") = "Atlas.Blazor.Web.App.Client", "src\Atlas.Blazor.Web.App.Client\Atlas.Blazor.Web.App.Client.csproj", "{B24B2EDB-C484-4942-973E-E6510DCA6F9D}"
EndProject
Project("{9A19103F-16F7-4668-BE54-9A1E7A4F7556}") = "Atlas.Blazor.Web", "src\Atlas.Blazor.Web\Atlas.Blazor.Web.csproj", "{1DA30BB5-2943-42AF-B810-E6E220D658F7}"
EndProject
Project("{9A19103F-16F7-4668-BE54-9A1E7A4F7556}") = "Atlas.Core.Logging", "src\Atlas.Core.Logging\Atlas.Core.Logging.csproj", "{D2F67554-D276-4C6D-B033-DC5480F725BA}"
EndProject
Project("{2150E333-8FDC-42A3-9474-1A3956D46DE8}") = "Origin", "Origin", "{F7B02A96-1B5E-43C4-B4B3-26B012A8FDFE}"
EndProject
Project("{2150E333-8FDC-42A3-9474-1A3956D46DE8}") = "tests", "tests", "{D8820DD6-6103-4241-8373-AF3ABC685E28}"
EndProject
Project("{9A19103F-16F7-4668-BE54-9A1E7A4F7556}") = "Origin.OpenXml", "src\Origin\Origin.OpenXml\Origin.OpenXml.csproj", "{AD4EFD9E-88D6-4970-AE23-2B04DB50A712}"
EndProject
Project("{9A19103F-16F7-4668-BE54-9A1E7A4F7556}") = "Origin.Pdf", "src\Origin\Origin.Pdf\Origin.Pdf.csproj", "{EE0E6087-93E8-4BD7-B323-F1A426826FD9}"
EndProject
Project("{9A19103F-16F7-4668-BE54-9A1E7A4F7556}") = "Origin.Service", "src\Origin\Origin.Service\Origin.Service.csproj", "{91606CEB-95A7-42D0-AF42-A49CC8F4313A}"
EndProject
Project("{9A19103F-16F7-4668-BE54-9A1E7A4F7556}") = "Origin.Core", "src\Origin\Origin.Core\Origin.Core.csproj", "{A81C53D1-C869-4123-B12D-991C6998A848}"
EndProject
Project("{9A19103F-16F7-4668-BE54-9A1E7A4F7556}") = "Origin.Test.Data", "tests\Origin.Test.Data\Origin.Test.Data.csproj", "{76A3EA87-AEDA-433C-A7E5-C6E3102D9402}"
EndProject
Project("{9A19103F-16F7-4668-BE54-9A1E7A4F7556}") = "Origin.Tests", "tests\Origin.Tests\Origin.Tests.csproj", "{DAF5424E-46FA-4F1F-870A-1A139C530733}"
EndProject
Project("{9A19103F-16F7-4668-BE54-9A1E7A4F7556}") = "Origin.Blazor.Web", "src\Origin\Origin.Blazor.Web\Origin.Blazor.Web.csproj", "{CCE467A1-15B2-44D0-987E-9F8D5D680CD7}"
EndProject
Project("{FAE04EC0-301F-11D3-BF4B-00C04F79EFBC}") = "Atlas.Data.Context", "src\Atlas.Data.Context\Atlas.Data.Context.csproj", "{EDCFC4E5-37A7-4C6F-A2C9-252D62D26AD5}"
EndProject
Project("{FAE04EC0-301F-11D3-BF4B-00C04F79EFBC}") = "Origin.Data.Access", "src\Origin.Data.Access\Origin.Data.Access.csproj", "{50D20DAF-1ACD-4BDE-AF0E-BAC763652399}"
EndProject
Global
	GlobalSection(SolutionConfigurationPlatforms) = preSolution
		Debug|Any CPU = Debug|Any CPU
		Release|Any CPU = Release|Any CPU
	EndGlobalSection
	GlobalSection(ProjectConfigurationPlatforms) = postSolution
		{FEE35182-9EFC-4C03-BE6E-4E559CD0B06D}.Debug|Any CPU.ActiveCfg = Debug|Any CPU
		{FEE35182-9EFC-4C03-BE6E-4E559CD0B06D}.Debug|Any CPU.Build.0 = Debug|Any CPU
		{FEE35182-9EFC-4C03-BE6E-4E559CD0B06D}.Release|Any CPU.ActiveCfg = Release|Any CPU
		{FEE35182-9EFC-4C03-BE6E-4E559CD0B06D}.Release|Any CPU.Build.0 = Release|Any CPU
		{239BCA19-D4D8-4934-83AB-8FBFA4766F78}.Debug|Any CPU.ActiveCfg = Debug|Any CPU
		{239BCA19-D4D8-4934-83AB-8FBFA4766F78}.Debug|Any CPU.Build.0 = Debug|Any CPU
		{239BCA19-D4D8-4934-83AB-8FBFA4766F78}.Release|Any CPU.ActiveCfg = Release|Any CPU
		{239BCA19-D4D8-4934-83AB-8FBFA4766F78}.Release|Any CPU.Build.0 = Release|Any CPU
		{5D03E064-5903-490C-A3AE-A0F3BD7685B6}.Debug|Any CPU.ActiveCfg = Debug|Any CPU
		{5D03E064-5903-490C-A3AE-A0F3BD7685B6}.Debug|Any CPU.Build.0 = Debug|Any CPU
		{5D03E064-5903-490C-A3AE-A0F3BD7685B6}.Release|Any CPU.ActiveCfg = Release|Any CPU
		{5D03E064-5903-490C-A3AE-A0F3BD7685B6}.Release|Any CPU.Build.0 = Release|Any CPU
		{61BDCE0B-ABFE-49DF-AA64-4F7CEE0FB0BE}.Debug|Any CPU.ActiveCfg = Debug|Any CPU
		{61BDCE0B-ABFE-49DF-AA64-4F7CEE0FB0BE}.Debug|Any CPU.Build.0 = Debug|Any CPU
		{61BDCE0B-ABFE-49DF-AA64-4F7CEE0FB0BE}.Release|Any CPU.ActiveCfg = Release|Any CPU
		{61BDCE0B-ABFE-49DF-AA64-4F7CEE0FB0BE}.Release|Any CPU.Build.0 = Release|Any CPU
		{61E5DB54-AA6D-410A-9369-977B7127B618}.Debug|Any CPU.ActiveCfg = Debug|Any CPU
		{61E5DB54-AA6D-410A-9369-977B7127B618}.Debug|Any CPU.Build.0 = Debug|Any CPU
		{61E5DB54-AA6D-410A-9369-977B7127B618}.Release|Any CPU.ActiveCfg = Release|Any CPU
		{61E5DB54-AA6D-410A-9369-977B7127B618}.Release|Any CPU.Build.0 = Release|Any CPU
		{63B373C4-A14E-4698-A159-2D32EF6E7E0F}.Debug|Any CPU.ActiveCfg = Debug|Any CPU
		{63B373C4-A14E-4698-A159-2D32EF6E7E0F}.Debug|Any CPU.Build.0 = Debug|Any CPU
		{63B373C4-A14E-4698-A159-2D32EF6E7E0F}.Release|Any CPU.ActiveCfg = Release|Any CPU
		{63B373C4-A14E-4698-A159-2D32EF6E7E0F}.Release|Any CPU.Build.0 = Release|Any CPU
		{9829A0EE-1814-49A6-B015-3EF0BEFAA457}.Debug|Any CPU.ActiveCfg = Debug|Any CPU
		{9829A0EE-1814-49A6-B015-3EF0BEFAA457}.Debug|Any CPU.Build.0 = Debug|Any CPU
		{9829A0EE-1814-49A6-B015-3EF0BEFAA457}.Release|Any CPU.ActiveCfg = Release|Any CPU
		{9829A0EE-1814-49A6-B015-3EF0BEFAA457}.Release|Any CPU.Build.0 = Release|Any CPU
		{603C00D0-2857-4920-947D-8EBFEC3139EF}.Debug|Any CPU.ActiveCfg = Debug|Any CPU
		{603C00D0-2857-4920-947D-8EBFEC3139EF}.Debug|Any CPU.Build.0 = Debug|Any CPU
		{603C00D0-2857-4920-947D-8EBFEC3139EF}.Release|Any CPU.ActiveCfg = Release|Any CPU
		{603C00D0-2857-4920-947D-8EBFEC3139EF}.Release|Any CPU.Build.0 = Release|Any CPU
		{B24B2EDB-C484-4942-973E-E6510DCA6F9D}.Debug|Any CPU.ActiveCfg = Debug|Any CPU
		{B24B2EDB-C484-4942-973E-E6510DCA6F9D}.Debug|Any CPU.Build.0 = Debug|Any CPU
		{B24B2EDB-C484-4942-973E-E6510DCA6F9D}.Release|Any CPU.ActiveCfg = Release|Any CPU
		{B24B2EDB-C484-4942-973E-E6510DCA6F9D}.Release|Any CPU.Build.0 = Release|Any CPU
		{1DA30BB5-2943-42AF-B810-E6E220D658F7}.Debug|Any CPU.ActiveCfg = Debug|Any CPU
		{1DA30BB5-2943-42AF-B810-E6E220D658F7}.Debug|Any CPU.Build.0 = Debug|Any CPU
		{1DA30BB5-2943-42AF-B810-E6E220D658F7}.Release|Any CPU.ActiveCfg = Release|Any CPU
		{1DA30BB5-2943-42AF-B810-E6E220D658F7}.Release|Any CPU.Build.0 = Release|Any CPU
		{D2F67554-D276-4C6D-B033-DC5480F725BA}.Debug|Any CPU.ActiveCfg = Debug|Any CPU
		{D2F67554-D276-4C6D-B033-DC5480F725BA}.Debug|Any CPU.Build.0 = Debug|Any CPU
		{D2F67554-D276-4C6D-B033-DC5480F725BA}.Release|Any CPU.ActiveCfg = Release|Any CPU
		{D2F67554-D276-4C6D-B033-DC5480F725BA}.Release|Any CPU.Build.0 = Release|Any CPU
		{AD4EFD9E-88D6-4970-AE23-2B04DB50A712}.Debug|Any CPU.ActiveCfg = Debug|Any CPU
		{AD4EFD9E-88D6-4970-AE23-2B04DB50A712}.Debug|Any CPU.Build.0 = Debug|Any CPU
		{AD4EFD9E-88D6-4970-AE23-2B04DB50A712}.Release|Any CPU.ActiveCfg = Release|Any CPU
		{AD4EFD9E-88D6-4970-AE23-2B04DB50A712}.Release|Any CPU.Build.0 = Release|Any CPU
		{EE0E6087-93E8-4BD7-B323-F1A426826FD9}.Debug|Any CPU.ActiveCfg = Debug|Any CPU
		{EE0E6087-93E8-4BD7-B323-F1A426826FD9}.Debug|Any CPU.Build.0 = Debug|Any CPU
		{EE0E6087-93E8-4BD7-B323-F1A426826FD9}.Release|Any CPU.ActiveCfg = Release|Any CPU
		{EE0E6087-93E8-4BD7-B323-F1A426826FD9}.Release|Any CPU.Build.0 = Release|Any CPU
		{91606CEB-95A7-42D0-AF42-A49CC8F4313A}.Debug|Any CPU.ActiveCfg = Debug|Any CPU
		{91606CEB-95A7-42D0-AF42-A49CC8F4313A}.Debug|Any CPU.Build.0 = Debug|Any CPU
		{91606CEB-95A7-42D0-AF42-A49CC8F4313A}.Release|Any CPU.ActiveCfg = Release|Any CPU
		{91606CEB-95A7-42D0-AF42-A49CC8F4313A}.Release|Any CPU.Build.0 = Release|Any CPU
		{A81C53D1-C869-4123-B12D-991C6998A848}.Debug|Any CPU.ActiveCfg = Debug|Any CPU
		{A81C53D1-C869-4123-B12D-991C6998A848}.Debug|Any CPU.Build.0 = Debug|Any CPU
		{A81C53D1-C869-4123-B12D-991C6998A848}.Release|Any CPU.ActiveCfg = Release|Any CPU
		{A81C53D1-C869-4123-B12D-991C6998A848}.Release|Any CPU.Build.0 = Release|Any CPU
		{76A3EA87-AEDA-433C-A7E5-C6E3102D9402}.Debug|Any CPU.ActiveCfg = Debug|Any CPU
		{76A3EA87-AEDA-433C-A7E5-C6E3102D9402}.Debug|Any CPU.Build.0 = Debug|Any CPU
		{76A3EA87-AEDA-433C-A7E5-C6E3102D9402}.Release|Any CPU.ActiveCfg = Release|Any CPU
		{76A3EA87-AEDA-433C-A7E5-C6E3102D9402}.Release|Any CPU.Build.0 = Release|Any CPU
		{DAF5424E-46FA-4F1F-870A-1A139C530733}.Debug|Any CPU.ActiveCfg = Debug|Any CPU
		{DAF5424E-46FA-4F1F-870A-1A139C530733}.Debug|Any CPU.Build.0 = Debug|Any CPU
		{DAF5424E-46FA-4F1F-870A-1A139C530733}.Release|Any CPU.ActiveCfg = Release|Any CPU
		{DAF5424E-46FA-4F1F-870A-1A139C530733}.Release|Any CPU.Build.0 = Release|Any CPU
		{CCE467A1-15B2-44D0-987E-9F8D5D680CD7}.Debug|Any CPU.ActiveCfg = Debug|Any CPU
		{CCE467A1-15B2-44D0-987E-9F8D5D680CD7}.Debug|Any CPU.Build.0 = Debug|Any CPU
		{CCE467A1-15B2-44D0-987E-9F8D5D680CD7}.Release|Any CPU.ActiveCfg = Release|Any CPU
		{CCE467A1-15B2-44D0-987E-9F8D5D680CD7}.Release|Any CPU.Build.0 = Release|Any CPU
		{EDCFC4E5-37A7-4C6F-A2C9-252D62D26AD5}.Debug|Any CPU.ActiveCfg = Debug|Any CPU
		{EDCFC4E5-37A7-4C6F-A2C9-252D62D26AD5}.Debug|Any CPU.Build.0 = Debug|Any CPU
		{EDCFC4E5-37A7-4C6F-A2C9-252D62D26AD5}.Release|Any CPU.ActiveCfg = Release|Any CPU
		{EDCFC4E5-37A7-4C6F-A2C9-252D62D26AD5}.Release|Any CPU.Build.0 = Release|Any CPU
		{50D20DAF-1ACD-4BDE-AF0E-BAC763652399}.Debug|Any CPU.ActiveCfg = Debug|Any CPU
		{50D20DAF-1ACD-4BDE-AF0E-BAC763652399}.Debug|Any CPU.Build.0 = Debug|Any CPU
		{50D20DAF-1ACD-4BDE-AF0E-BAC763652399}.Release|Any CPU.ActiveCfg = Release|Any CPU
		{50D20DAF-1ACD-4BDE-AF0E-BAC763652399}.Release|Any CPU.Build.0 = Release|Any CPU
	EndGlobalSection
	GlobalSection(SolutionProperties) = preSolution
		HideSolutionNode = FALSE
	EndGlobalSection
	GlobalSection(NestedProjects) = preSolution
		{FEE35182-9EFC-4C03-BE6E-4E559CD0B06D} = {4D561DB1-6F2C-4895-88D3-91379F9CFEE6}
		{239BCA19-D4D8-4934-83AB-8FBFA4766F78} = {4D561DB1-6F2C-4895-88D3-91379F9CFEE6}
		{5D03E064-5903-490C-A3AE-A0F3BD7685B6} = {4D561DB1-6F2C-4895-88D3-91379F9CFEE6}
		{61BDCE0B-ABFE-49DF-AA64-4F7CEE0FB0BE} = {4D561DB1-6F2C-4895-88D3-91379F9CFEE6}
		{61E5DB54-AA6D-410A-9369-977B7127B618} = {3EAA21BB-8BC5-4B8A-AFDE-519610BD9CD9}
		{63B373C4-A14E-4698-A159-2D32EF6E7E0F} = {3EAA21BB-8BC5-4B8A-AFDE-519610BD9CD9}
		{9829A0EE-1814-49A6-B015-3EF0BEFAA457} = {3EAA21BB-8BC5-4B8A-AFDE-519610BD9CD9}
		{603C00D0-2857-4920-947D-8EBFEC3139EF} = {4D561DB1-6F2C-4895-88D3-91379F9CFEE6}
		{B24B2EDB-C484-4942-973E-E6510DCA6F9D} = {4D561DB1-6F2C-4895-88D3-91379F9CFEE6}
		{1DA30BB5-2943-42AF-B810-E6E220D658F7} = {4D561DB1-6F2C-4895-88D3-91379F9CFEE6}
		{D2F67554-D276-4C6D-B033-DC5480F725BA} = {4D561DB1-6F2C-4895-88D3-91379F9CFEE6}
		{F7B02A96-1B5E-43C4-B4B3-26B012A8FDFE} = {4D561DB1-6F2C-4895-88D3-91379F9CFEE6}
		{AD4EFD9E-88D6-4970-AE23-2B04DB50A712} = {F7B02A96-1B5E-43C4-B4B3-26B012A8FDFE}
		{EE0E6087-93E8-4BD7-B323-F1A426826FD9} = {F7B02A96-1B5E-43C4-B4B3-26B012A8FDFE}
		{91606CEB-95A7-42D0-AF42-A49CC8F4313A} = {F7B02A96-1B5E-43C4-B4B3-26B012A8FDFE}
		{A81C53D1-C869-4123-B12D-991C6998A848} = {F7B02A96-1B5E-43C4-B4B3-26B012A8FDFE}
		{76A3EA87-AEDA-433C-A7E5-C6E3102D9402} = {D8820DD6-6103-4241-8373-AF3ABC685E28}
		{DAF5424E-46FA-4F1F-870A-1A139C530733} = {D8820DD6-6103-4241-8373-AF3ABC685E28}
		{CCE467A1-15B2-44D0-987E-9F8D5D680CD7} = {F7B02A96-1B5E-43C4-B4B3-26B012A8FDFE}
		{EDCFC4E5-37A7-4C6F-A2C9-252D62D26AD5} = {4D561DB1-6F2C-4895-88D3-91379F9CFEE6}
		{50D20DAF-1ACD-4BDE-AF0E-BAC763652399} = {F7B02A96-1B5E-43C4-B4B3-26B012A8FDFE}
	EndGlobalSection
	GlobalSection(ExtensibilityGlobals) = postSolution
		SolutionGuid = {35D4493E-72A3-403D-AB40-7AADFBC20D09}
	EndGlobalSection
EndGlobal
