
Microsoft Visual Studio Solution File, Format Version 12.00
# Visual Studio Version 17
VisualStudioVersion = 17.7.34018.315
MinimumVisualStudioVersion = 10.0.40219.1
Project("{9A19103F-16F7-4668-BE54-9A1E7A4F7556}") = "Atlas.Core", "src\Atlas.Core\Atlas.Core.csproj", "{FEE35182-9EFC-4C03-BE6E-4E559CD0B06D}"
EndProject
Project("{9A19103F-16F7-4668-BE54-9A1E7A4F7556}") = "Atlas.Requests", "src\Atlas.Requests\Atlas.Requests.csproj", "{239BCA19-D4D8-4934-83AB-8FBFA4766F78}"
EndProject
Project("{9A19103F-16F7-4668-BE54-9A1E7A4F7556}") = "Atlas.Data.Access", "src\Atlas.Data.Access\Atlas.Data.Access.csproj", "{5D03E064-5903-490C-A3AE-A0F3BD7685B6}"
EndProject
Project("{9A19103F-16F7-4668-BE54-9A1E7A4F7556}") = "Atlas.API", "src\Atlas.API\Atlas.API.csproj", "{61BDCE0B-ABFE-49DF-AA64-4F7CEE0FB0BE}"
EndProject
Project("{2150E333-8FDC-42A3-9474-1A3956D46DE8}") = "src", "src", "{4D561DB1-6F2C-4895-88D3-91379F9CFEE6}"
EndProject
Project("{9A19103F-16F7-4668-BE54-9A1E7A4F7556}") = "Atlas.Blazor.Web.App", "src\Atlas.Blazor.Web.App\Atlas.Blazor.Web.App.csproj", "{603C00D0-2857-4920-947D-8EBFEC3139EF}"
EndProject
Project("{9A19103F-16F7-4668-BE54-9A1E7A4F7556}") = "Atlas.Blazor.Web.App.Client", "src\Atlas.Blazor.Web.App.Client\Atlas.Blazor.Web.App.Client.csproj", "{B24B2EDB-C484-4942-973E-E6510DCA6F9D}"
EndProject
Project("{9A19103F-16F7-4668-BE54-9A1E7A4F7556}") = "Atlas.Blazor.Web", "src\Atlas.Blazor.Web\Atlas.Blazor.Web.csproj", "{1DA30BB5-2943-42AF-B810-E6E220D658F7}"
EndProject
Project("{9A19103F-16F7-4668-BE54-9A1E7A4F7556}") = "Atlas.Core.Logging", "src\Atlas.Core.Logging\Atlas.Core.Logging.csproj", "{D2F67554-D276-4C6D-B033-DC5480F725BA}"
EndProject
Project("{2150E333-8FDC-42A3-9474-1A3956D46DE8}") = "Origin", "Origin", "{F7B02A96-1B5E-43C4-B4B3-26B012A8FDFE}"
EndProject
Project("{2150E333-8FDC-42A3-9474-1A3956D46DE8}") = "tests", "tests", "{D8820DD6-6103-4241-8373-AF3ABC685E28}"
EndProject
Project("{9A19103F-16F7-4668-BE54-9A1E7A4F7556}") = "Origin.Service", "src\Origin\Origin.Service\Origin.Service.csproj", "{91606CEB-95A7-42D0-AF42-A49CC8F4313A}"
EndProject
Project("{9A19103F-16F7-4668-BE54-9A1E7A4F7556}") = "Origin.Core", "src\Origin\Origin.Core\Origin.Core.csproj", "{A81C53D1-C869-4123-B12D-991C6998A848}"
EndProject
Project("{9A19103F-16F7-4668-BE54-9A1E7A4F7556}") = "Origin.Tests", "tests\Origin.Tests\Origin.Tests.csproj", "{DAF5424E-46FA-4F1F-870A-1A139C530733}"
EndProject
Project("{9A19103F-16F7-4668-BE54-9A1E7A4F7556}") = "Origin.Blazor.Web", "src\Origin\Origin.Blazor.Web\Origin.Blazor.Web.csproj", "{CCE467A1-15B2-44D0-987E-9F8D5D680CD7}"
EndProject
Project("{9A19103F-16F7-4668-BE54-9A1E7A4F7556}") = "Atlas.Data.Context", "src\Atlas.Data.Context\Atlas.Data.Context.csproj", "{EDCFC4E5-37A7-4C6F-A2C9-252D62D26AD5}"
EndProject
Project("{9A19103F-16F7-4668-BE54-9A1E7A4F7556}") = "Origin.Data.Access", "src\Origin\Origin.Data.Access\Origin.Data.Access.csproj", "{C2084626-1991-4444-904A-6EBDE929094D}"
EndProject
Project("{2150E333-8FDC-42A3-9474-1A3956D46DE8}") = "migrations", "migrations", "{5EF3D9C7-E877-425B-95A7-2C21A7407EC6}"
EndProject
Project("{2150E333-8FDC-42A3-9474-1A3956D46DE8}") = "utility", "utility", "{881E7D01-54E2-4752-BDCF-BEC0D8825534}"
EndProject
Project("{9A19103F-16F7-4668-BE54-9A1E7A4F7556}") = "Atlas.Seed.Data", "utility\Atlas.Seed.Data\Atlas.Seed.Data.csproj", "{CF4F5023-BD96-4A8D-A331-1AF6073CAA84}"
EndProject
Project("{9A19103F-16F7-4668-BE54-9A1E7A4F7556}") = "Atlas.Migrations.SQLite", "migrations\Atlas.Migrations.SQLite\Atlas.Migrations.SQLite.csproj", "{68D4AF69-D350-4515-AD53-9419D09643B0}"
EndProject
Project("{9A19103F-16F7-4668-BE54-9A1E7A4F7556}") = "Atlas.Migrations.SQLServer", "migrations\Atlas.Migrations.SQLServer\Atlas.Migrations.SQLServer.csproj", "{5FA5960E-01B3-4567-8F19-70A8AA743FE1}"
EndProject
Project("{9A19103F-16F7-4668-BE54-9A1E7A4F7556}") = "Origin.Requests", "src\Origin\Origin.Requests\Origin.Requests.csproj", "{92A204B7-6AB1-4738-BCB4-0F5630D1D23B}"
EndProject
Project("{9A19103F-16F7-4668-BE54-9A1E7A4F7556}") = "Origin.Core.Validation", "src\Origin\Origin.Core.Validation\Origin.Core.Validation.csproj", "{3DDDC353-36F0-48C7-B45E-21258432BD40}"
EndProject
Project("{9A19103F-16F7-4668-BE54-9A1E7A4F7556}") = "Atlas.Core.Validation", "src\Atlas.Core.Validation\Atlas.Core.Validation.csproj", "{944113A7-49EA-4B68-917B-B9AC56D1FC12}"
EndProject
Project("{9A19103F-16F7-4668-BE54-9A1E7A4F7556}") = "Origin.Resources", "src\Origin\Origin.Resources\Origin.Resources.csproj", "{D2E5B66A-04E7-4C83-88B0-D22EC923FD26}"
EndProject
Project("{2150E333-8FDC-42A3-9474-1A3956D46DE8}") = "Commercial", "Commercial", "{B6277AFD-A3B2-4543-BB00-B8AE55091201}"
EndProject
Project("{9A19103F-16F7-4668-BE54-9A1E7A4F7556}") = "Commercial.Core", "src\Commercial\Commercial.Core\Commercial.Core.csproj", "{94D6DE81-2451-4CDC-980B-2CBC402C2EDD}"
EndProject
Project("{9A19103F-16F7-4668-BE54-9A1E7A4F7556}") = "Commercial.Data.Access", "Commercial.Data.Access\Commercial.Data.Access.csproj", "{24ECC8BA-03F5-4C4F-A2C9-A7C63826204E}"
EndProject
Project("{9A19103F-16F7-4668-BE54-9A1E7A4F7556}") = "Commercial.Test.Data", "utility\Commercial.Test.Data\Commercial.Test.Data.csproj", "{F7ACACE4-375E-4B30-8D72-E982B91D1F25}"
EndProject
Project("{9A19103F-16F7-4668-BE54-9A1E7A4F7556}") = "Commercial.Blazor.Web", "src\Commercial\Commercial.Blazor.Web\Commercial.Blazor.Web.csproj", "{CEA391BF-365E-42DB-BFA1-B0ACEA5244EA}"
EndProject
Project("{9A19103F-16F7-4668-BE54-9A1E7A4F7556}") = "Origin.Generator.OpenXml", "src\Origin\Origin.Generator.OpenXml\Origin.Generator.OpenXml.csproj", "{2E9DCF44-AFF5-48A8-9397-F6EA5EE3BABE}"
EndProject
Project("{9A19103F-16F7-4668-BE54-9A1E7A4F7556}") = "Origin.Generator.PdfSharp", "src\Origin\Origin.Generator.PdfSharp\Origin.Generator.PdfSharp.csproj", "{4EAD7863-2B4A-4953-8ECB-7CBF26BAAF09}"
EndProject
Project("{9A19103F-16F7-4668-BE54-9A1E7A4F7556}") = "Origin.Test.Data", "utility\Origin.Test.Data\Origin.Test.Data.csproj", "{C456130A-6753-4B6B-8414-364F49373E74}"
EndProject
Global
	GlobalSection(SolutionConfigurationPlatforms) = preSolution
		Debug|Any CPU = Debug|Any CPU
		Release|Any CPU = Release|Any CPU
	EndGlobalSection
	GlobalSection(ProjectConfigurationPlatforms) = postSolution
		{FEE35182-9EFC-4C03-BE6E-4E559CD0B06D}.Debug|Any CPU.ActiveCfg = Debug|Any CPU
		{FEE35182-9EFC-4C03-BE6E-4E559CD0B06D}.Debug|Any CPU.Build.0 = Debug|Any CPU
		{FEE35182-9EFC-4C03-BE6E-4E559CD0B06D}.Release|Any CPU.ActiveCfg = Release|Any CPU
		{FEE35182-9EFC-4C03-BE6E-4E559CD0B06D}.Release|Any CPU.Build.0 = Release|Any CPU
		{239BCA19-D4D8-4934-83AB-8FBFA4766F78}.Debug|Any CPU.ActiveCfg = Debug|Any CPU
		{239BCA19-D4D8-4934-83AB-8FBFA4766F78}.Debug|Any CPU.Build.0 = Debug|Any CPU
		{239BCA19-D4D8-4934-83AB-8FBFA4766F78}.Release|Any CPU.ActiveCfg = Release|Any CPU
		{239BCA19-D4D8-4934-83AB-8FBFA4766F78}.Release|Any CPU.Build.0 = Release|Any CPU
		{5D03E064-5903-490C-A3AE-A0F3BD7685B6}.Debug|Any CPU.ActiveCfg = Debug|Any CPU
		{5D03E064-5903-490C-A3AE-A0F3BD7685B6}.Debug|Any CPU.Build.0 = Debug|Any CPU
		{5D03E064-5903-490C-A3AE-A0F3BD7685B6}.Release|Any CPU.ActiveCfg = Release|Any CPU
		{5D03E064-5903-490C-A3AE-A0F3BD7685B6}.Release|Any CPU.Build.0 = Release|Any CPU
		{61BDCE0B-ABFE-49DF-AA64-4F7CEE0FB0BE}.Debug|Any CPU.ActiveCfg = Debug|Any CPU
		{61BDCE0B-ABFE-49DF-AA64-4F7CEE0FB0BE}.Debug|Any CPU.Build.0 = Debug|Any CPU
		{61BDCE0B-ABFE-49DF-AA64-4F7CEE0FB0BE}.Release|Any CPU.ActiveCfg = Release|Any CPU
		{61BDCE0B-ABFE-49DF-AA64-4F7CEE0FB0BE}.Release|Any CPU.Build.0 = Release|Any CPU
		{603C00D0-2857-4920-947D-8EBFEC3139EF}.Debug|Any CPU.ActiveCfg = Debug|Any CPU
		{603C00D0-2857-4920-947D-8EBFEC3139EF}.Debug|Any CPU.Build.0 = Debug|Any CPU
		{603C00D0-2857-4920-947D-8EBFEC3139EF}.Release|Any CPU.ActiveCfg = Release|Any CPU
		{603C00D0-2857-4920-947D-8EBFEC3139EF}.Release|Any CPU.Build.0 = Release|Any CPU
		{B24B2EDB-C484-4942-973E-E6510DCA6F9D}.Debug|Any CPU.ActiveCfg = Debug|Any CPU
		{B24B2EDB-C484-4942-973E-E6510DCA6F9D}.Debug|Any CPU.Build.0 = Debug|Any CPU
		{B24B2EDB-C484-4942-973E-E6510DCA6F9D}.Release|Any CPU.ActiveCfg = Release|Any CPU
		{B24B2EDB-C484-4942-973E-E6510DCA6F9D}.Release|Any CPU.Build.0 = Release|Any CPU
		{1DA30BB5-2943-42AF-B810-E6E220D658F7}.Debug|Any CPU.ActiveCfg = Debug|Any CPU
		{1DA30BB5-2943-42AF-B810-E6E220D658F7}.Debug|Any CPU.Build.0 = Debug|Any CPU
		{1DA30BB5-2943-42AF-B810-E6E220D658F7}.Release|Any CPU.ActiveCfg = Release|Any CPU
		{1DA30BB5-2943-42AF-B810-E6E220D658F7}.Release|Any CPU.Build.0 = Release|Any CPU
		{D2F67554-D276-4C6D-B033-DC5480F725BA}.Debug|Any CPU.ActiveCfg = Debug|Any CPU
		{D2F67554-D276-4C6D-B033-DC5480F725BA}.Debug|Any CPU.Build.0 = Debug|Any CPU
		{D2F67554-D276-4C6D-B033-DC5480F725BA}.Release|Any CPU.ActiveCfg = Release|Any CPU
		{D2F67554-D276-4C6D-B033-DC5480F725BA}.Release|Any CPU.Build.0 = Release|Any CPU
		{91606CEB-95A7-42D0-AF42-A49CC8F4313A}.Debug|Any CPU.ActiveCfg = Debug|Any CPU
		{91606CEB-95A7-42D0-AF42-A49CC8F4313A}.Debug|Any CPU.Build.0 = Debug|Any CPU
		{91606CEB-95A7-42D0-AF42-A49CC8F4313A}.Release|Any CPU.ActiveCfg = Release|Any CPU
		{91606CEB-95A7-42D0-AF42-A49CC8F4313A}.Release|Any CPU.Build.0 = Release|Any CPU
		{A81C53D1-C869-4123-B12D-991C6998A848}.Debug|Any CPU.ActiveCfg = Debug|Any CPU
		{A81C53D1-C869-4123-B12D-991C6998A848}.Debug|Any CPU.Build.0 = Debug|Any CPU
		{A81C53D1-C869-4123-B12D-991C6998A848}.Release|Any CPU.ActiveCfg = Release|Any CPU
		{A81C53D1-C869-4123-B12D-991C6998A848}.Release|Any CPU.Build.0 = Release|Any CPU
		{DAF5424E-46FA-4F1F-870A-1A139C530733}.Debug|Any CPU.ActiveCfg = Debug|Any CPU
		{DAF5424E-46FA-4F1F-870A-1A139C530733}.Debug|Any CPU.Build.0 = Debug|Any CPU
		{DAF5424E-46FA-4F1F-870A-1A139C530733}.Release|Any CPU.ActiveCfg = Release|Any CPU
		{DAF5424E-46FA-4F1F-870A-1A139C530733}.Release|Any CPU.Build.0 = Release|Any CPU
		{CCE467A1-15B2-44D0-987E-9F8D5D680CD7}.Debug|Any CPU.ActiveCfg = Debug|Any CPU
		{CCE467A1-15B2-44D0-987E-9F8D5D680CD7}.Debug|Any CPU.Build.0 = Debug|Any CPU
		{CCE467A1-15B2-44D0-987E-9F8D5D680CD7}.Release|Any CPU.ActiveCfg = Release|Any CPU
		{CCE467A1-15B2-44D0-987E-9F8D5D680CD7}.Release|Any CPU.Build.0 = Release|Any CPU
		{EDCFC4E5-37A7-4C6F-A2C9-252D62D26AD5}.Debug|Any CPU.ActiveCfg = Debug|Any CPU
		{EDCFC4E5-37A7-4C6F-A2C9-252D62D26AD5}.Debug|Any CPU.Build.0 = Debug|Any CPU
		{EDCFC4E5-37A7-4C6F-A2C9-252D62D26AD5}.Release|Any CPU.ActiveCfg = Release|Any CPU
		{EDCFC4E5-37A7-4C6F-A2C9-252D62D26AD5}.Release|Any CPU.Build.0 = Release|Any CPU
		{C2084626-1991-4444-904A-6EBDE929094D}.Debug|Any CPU.ActiveCfg = Debug|Any CPU
		{C2084626-1991-4444-904A-6EBDE929094D}.Debug|Any CPU.Build.0 = Debug|Any CPU
		{C2084626-1991-4444-904A-6EBDE929094D}.Release|Any CPU.ActiveCfg = Release|Any CPU
		{C2084626-1991-4444-904A-6EBDE929094D}.Release|Any CPU.Build.0 = Release|Any CPU
		{CF4F5023-BD96-4A8D-A331-1AF6073CAA84}.Debug|Any CPU.ActiveCfg = Debug|Any CPU
		{CF4F5023-BD96-4A8D-A331-1AF6073CAA84}.Debug|Any CPU.Build.0 = Debug|Any CPU
		{CF4F5023-BD96-4A8D-A331-1AF6073CAA84}.Release|Any CPU.ActiveCfg = Release|Any CPU
		{CF4F5023-BD96-4A8D-A331-1AF6073CAA84}.Release|Any CPU.Build.0 = Release|Any CPU
		{68D4AF69-D350-4515-AD53-9419D09643B0}.Debug|Any CPU.ActiveCfg = Debug|Any CPU
		{68D4AF69-D350-4515-AD53-9419D09643B0}.Debug|Any CPU.Build.0 = Debug|Any CPU
		{68D4AF69-D350-4515-AD53-9419D09643B0}.Release|Any CPU.ActiveCfg = Release|Any CPU
		{68D4AF69-D350-4515-AD53-9419D09643B0}.Release|Any CPU.Build.0 = Release|Any CPU
		{5FA5960E-01B3-4567-8F19-70A8AA743FE1}.Debug|Any CPU.ActiveCfg = Debug|Any CPU
		{5FA5960E-01B3-4567-8F19-70A8AA743FE1}.Debug|Any CPU.Build.0 = Debug|Any CPU
		{5FA5960E-01B3-4567-8F19-70A8AA743FE1}.Release|Any CPU.ActiveCfg = Release|Any CPU
		{5FA5960E-01B3-4567-8F19-70A8AA743FE1}.Release|Any CPU.Build.0 = Release|Any CPU
		{92A204B7-6AB1-4738-BCB4-0F5630D1D23B}.Debug|Any CPU.ActiveCfg = Debug|Any CPU
		{92A204B7-6AB1-4738-BCB4-0F5630D1D23B}.Debug|Any CPU.Build.0 = Debug|Any CPU
		{92A204B7-6AB1-4738-BCB4-0F5630D1D23B}.Release|Any CPU.ActiveCfg = Release|Any CPU
		{92A204B7-6AB1-4738-BCB4-0F5630D1D23B}.Release|Any CPU.Build.0 = Release|Any CPU
		{3DDDC353-36F0-48C7-B45E-21258432BD40}.Debug|Any CPU.ActiveCfg = Debug|Any CPU
		{3DDDC353-36F0-48C7-B45E-21258432BD40}.Debug|Any CPU.Build.0 = Debug|Any CPU
		{3DDDC353-36F0-48C7-B45E-21258432BD40}.Release|Any CPU.ActiveCfg = Release|Any CPU
		{3DDDC353-36F0-48C7-B45E-21258432BD40}.Release|Any CPU.Build.0 = Release|Any CPU
		{944113A7-49EA-4B68-917B-B9AC56D1FC12}.Debug|Any CPU.ActiveCfg = Debug|Any CPU
		{944113A7-49EA-4B68-917B-B9AC56D1FC12}.Debug|Any CPU.Build.0 = Debug|Any CPU
		{944113A7-49EA-4B68-917B-B9AC56D1FC12}.Release|Any CPU.ActiveCfg = Release|Any CPU
		{944113A7-49EA-4B68-917B-B9AC56D1FC12}.Release|Any CPU.Build.0 = Release|Any CPU
		{D2E5B66A-04E7-4C83-88B0-D22EC923FD26}.Debug|Any CPU.ActiveCfg = Debug|Any CPU
		{D2E5B66A-04E7-4C83-88B0-D22EC923FD26}.Debug|Any CPU.Build.0 = Debug|Any CPU
		{D2E5B66A-04E7-4C83-88B0-D22EC923FD26}.Release|Any CPU.ActiveCfg = Release|Any CPU
		{D2E5B66A-04E7-4C83-88B0-D22EC923FD26}.Release|Any CPU.Build.0 = Release|Any CPU
		{94D6DE81-2451-4CDC-980B-2CBC402C2EDD}.Debug|Any CPU.ActiveCfg = Debug|Any CPU
		{94D6DE81-2451-4CDC-980B-2CBC402C2EDD}.Debug|Any CPU.Build.0 = Debug|Any CPU
		{94D6DE81-2451-4CDC-980B-2CBC402C2EDD}.Release|Any CPU.ActiveCfg = Release|Any CPU
		{94D6DE81-2451-4CDC-980B-2CBC402C2EDD}.Release|Any CPU.Build.0 = Release|Any CPU
		{24ECC8BA-03F5-4C4F-A2C9-A7C63826204E}.Debug|Any CPU.ActiveCfg = Debug|Any CPU
		{24ECC8BA-03F5-4C4F-A2C9-A7C63826204E}.Debug|Any CPU.Build.0 = Debug|Any CPU
		{24ECC8BA-03F5-4C4F-A2C9-A7C63826204E}.Release|Any CPU.ActiveCfg = Release|Any CPU
		{24ECC8BA-03F5-4C4F-A2C9-A7C63826204E}.Release|Any CPU.Build.0 = Release|Any CPU
		{F7ACACE4-375E-4B30-8D72-E982B91D1F25}.Debug|Any CPU.ActiveCfg = Debug|Any CPU
		{F7ACACE4-375E-4B30-8D72-E982B91D1F25}.Debug|Any CPU.Build.0 = Debug|Any CPU
		{F7ACACE4-375E-4B30-8D72-E982B91D1F25}.Release|Any CPU.ActiveCfg = Release|Any CPU
		{F7ACACE4-375E-4B30-8D72-E982B91D1F25}.Release|Any CPU.Build.0 = Release|Any CPU
		{CEA391BF-365E-42DB-BFA1-B0ACEA5244EA}.Debug|Any CPU.ActiveCfg = Debug|Any CPU
		{CEA391BF-365E-42DB-BFA1-B0ACEA5244EA}.Debug|Any CPU.Build.0 = Debug|Any CPU
		{CEA391BF-365E-42DB-BFA1-B0ACEA5244EA}.Release|Any CPU.ActiveCfg = Release|Any CPU
		{CEA391BF-365E-42DB-BFA1-B0ACEA5244EA}.Release|Any CPU.Build.0 = Release|Any CPU
		{2E9DCF44-AFF5-48A8-9397-F6EA5EE3BABE}.Debug|Any CPU.ActiveCfg = Debug|Any CPU
		{2E9DCF44-AFF5-48A8-9397-F6EA5EE3BABE}.Debug|Any CPU.Build.0 = Debug|Any CPU
		{2E9DCF44-AFF5-48A8-9397-F6EA5EE3BABE}.Release|Any CPU.ActiveCfg = Release|Any CPU
		{2E9DCF44-AFF5-48A8-9397-F6EA5EE3BABE}.Release|Any CPU.Build.0 = Release|Any CPU
		{4EAD7863-2B4A-4953-8ECB-7CBF26BAAF09}.Debug|Any CPU.ActiveCfg = Debug|Any CPU
		{4EAD7863-2B4A-4953-8ECB-7CBF26BAAF09}.Debug|Any CPU.Build.0 = Debug|Any CPU
		{4EAD7863-2B4A-4953-8ECB-7CBF26BAAF09}.Release|Any CPU.ActiveCfg = Release|Any CPU
		{4EAD7863-2B4A-4953-8ECB-7CBF26BAAF09}.Release|Any CPU.Build.0 = Release|Any CPU
		{C456130A-6753-4B6B-8414-364F49373E74}.Debug|Any CPU.ActiveCfg = Debug|Any CPU
		{C456130A-6753-4B6B-8414-364F49373E74}.Debug|Any CPU.Build.0 = Debug|Any CPU
		{C456130A-6753-4B6B-8414-364F49373E74}.Release|Any CPU.ActiveCfg = Release|Any CPU
		{C456130A-6753-4B6B-8414-364F49373E74}.Release|Any CPU.Build.0 = Release|Any CPU
	EndGlobalSection
	GlobalSection(SolutionProperties) = preSolution
		HideSolutionNode = FALSE
	EndGlobalSection
	GlobalSection(NestedProjects) = preSolution
		{FEE35182-9EFC-4C03-BE6E-4E559CD0B06D} = {4D561DB1-6F2C-4895-88D3-91379F9CFEE6}
		{239BCA19-D4D8-4934-83AB-8FBFA4766F78} = {4D561DB1-6F2C-4895-88D3-91379F9CFEE6}
		{5D03E064-5903-490C-A3AE-A0F3BD7685B6} = {4D561DB1-6F2C-4895-88D3-91379F9CFEE6}
		{61BDCE0B-ABFE-49DF-AA64-4F7CEE0FB0BE} = {4D561DB1-6F2C-4895-88D3-91379F9CFEE6}
		{603C00D0-2857-4920-947D-8EBFEC3139EF} = {4D561DB1-6F2C-4895-88D3-91379F9CFEE6}
		{B24B2EDB-C484-4942-973E-E6510DCA6F9D} = {4D561DB1-6F2C-4895-88D3-91379F9CFEE6}
		{1DA30BB5-2943-42AF-B810-E6E220D658F7} = {4D561DB1-6F2C-4895-88D3-91379F9CFEE6}
		{D2F67554-D276-4C6D-B033-DC5480F725BA} = {4D561DB1-6F2C-4895-88D3-91379F9CFEE6}
		{F7B02A96-1B5E-43C4-B4B3-26B012A8FDFE} = {4D561DB1-6F2C-4895-88D3-91379F9CFEE6}
		{91606CEB-95A7-42D0-AF42-A49CC8F4313A} = {F7B02A96-1B5E-43C4-B4B3-26B012A8FDFE}
		{A81C53D1-C869-4123-B12D-991C6998A848} = {F7B02A96-1B5E-43C4-B4B3-26B012A8FDFE}
		{DAF5424E-46FA-4F1F-870A-1A139C530733} = {D8820DD6-6103-4241-8373-AF3ABC685E28}
		{CCE467A1-15B2-44D0-987E-9F8D5D680CD7} = {F7B02A96-1B5E-43C4-B4B3-26B012A8FDFE}
		{EDCFC4E5-37A7-4C6F-A2C9-252D62D26AD5} = {4D561DB1-6F2C-4895-88D3-91379F9CFEE6}
		{C2084626-1991-4444-904A-6EBDE929094D} = {F7B02A96-1B5E-43C4-B4B3-26B012A8FDFE}
		{CF4F5023-BD96-4A8D-A331-1AF6073CAA84} = {881E7D01-54E2-4752-BDCF-BEC0D8825534}
		{68D4AF69-D350-4515-AD53-9419D09643B0} = {5EF3D9C7-E877-425B-95A7-2C21A7407EC6}
		{5FA5960E-01B3-4567-8F19-70A8AA743FE1} = {5EF3D9C7-E877-425B-95A7-2C21A7407EC6}
		{92A204B7-6AB1-4738-BCB4-0F5630D1D23B} = {F7B02A96-1B5E-43C4-B4B3-26B012A8FDFE}
		{3DDDC353-36F0-48C7-B45E-21258432BD40} = {F7B02A96-1B5E-43C4-B4B3-26B012A8FDFE}
		{944113A7-49EA-4B68-917B-B9AC56D1FC12} = {4D561DB1-6F2C-4895-88D3-91379F9CFEE6}
		{D2E5B66A-04E7-4C83-88B0-D22EC923FD26} = {F7B02A96-1B5E-43C4-B4B3-26B012A8FDFE}
		{B6277AFD-A3B2-4543-BB00-B8AE55091201} = {4D561DB1-6F2C-4895-88D3-91379F9CFEE6}
		{94D6DE81-2451-4CDC-980B-2CBC402C2EDD} = {B6277AFD-A3B2-4543-BB00-B8AE55091201}
		{24ECC8BA-03F5-4C4F-A2C9-A7C63826204E} = {B6277AFD-A3B2-4543-BB00-B8AE55091201}
		{F7ACACE4-375E-4B30-8D72-E982B91D1F25} = {881E7D01-54E2-4752-BDCF-BEC0D8825534}
		{CEA391BF-365E-42DB-BFA1-B0ACEA5244EA} = {B6277AFD-A3B2-4543-BB00-B8AE55091201}
		{2E9DCF44-AFF5-48A8-9397-F6EA5EE3BABE} = {F7B02A96-1B5E-43C4-B4B3-26B012A8FDFE}
		{4EAD7863-2B4A-4953-8ECB-7CBF26BAAF09} = {F7B02A96-1B5E-43C4-B4B3-26B012A8FDFE}
		{C456130A-6753-4B6B-8414-364F49373E74} = {881E7D01-54E2-4752-BDCF-BEC0D8825534}
	EndGlobalSection
	GlobalSection(ExtensibilityGlobals) = postSolution
		SolutionGuid = {35D4493E-72A3-403D-AB40-7AADFBC20D09}
	EndGlobalSection
EndGlobal
