
Microsoft Visual Studio Solution File, Format Version 12.00
# Visual Studio Version 17
VisualStudioVersion = 17.13.35806.99
MinimumVisualStudioVersion = 10.0.40219.1
Project("{2150E333-8FDC-42A3-9474-1A3956D46DE8}") = "src", "src", "{02EA681E-C7D8-13C7-8484-4AC65E1B71E8}"
EndProject
Project("{FAE04EC0-301F-11D3-BF4B-00C04F79EFBC}") = "Atlas.Core", "src\Atlas.Core\Atlas.Core.csproj", "{F1392744-B007-BF53-58C2-E5A75B9AB179}"
EndProject
Project("{FAE04EC0-301F-11D3-BF4B-00C04F79EFBC}") = "Atlas.Logging", "src\Atlas.Logging\Atlas.Logging.csproj", "{54010991-091A-14E3-9888-5DC177E047E6}"
EndProject
Project("{FAE04EC0-301F-11D3-BF4B-00C04F79EFBC}") = "Atlas.Logging.Serilog", "src\Atlas.Logging.Serilog\Atlas.Logging.Serilog.csproj", "{EE5D4469-15A9-BA7E-6DB7-2DFE92E6F5F1}"
EndProject
Project("{FAE04EC0-301F-11D3-BF4B-00C04F79EFBC}") = "Atlas.Core.Validation", "src\Atlas.Core.Validation\Atlas.Core.Validation.csproj", "{89EF73A6-9CCD-7E4E-F99E-DC7D06B45130}"
EndProject
Project("{FAE04EC0-301F-11D3-BF4B-00C04F79EFBC}") = "Atlas.Requests", "src\Atlas.Requests\Atlas.Requests.csproj", "{94D0D1ED-11B6-87A5-E2EE-1F279BA1A4F6}"
EndProject
Project("{FAE04EC0-301F-11D3-BF4B-00C04F79EFBC}") = "Atlas.Blazor.Web.App", "src\Atlas.Blazor.Web.App\Atlas.Blazor.Web.App.csproj", "{AFF779B7-5651-3DC8-1D87-085E8ECD30F6}"
EndProject
Project("{FAE04EC0-301F-11D3-BF4B-00C04F79EFBC}") = "Atlas.Blazor.Web", "src\Atlas.Blazor.Web\Atlas.Blazor.Web.csproj", "{E3F7A8DA-E136-DE5B-428F-42C705A10EB5}"
EndProject
Project("{FAE04EC0-301F-11D3-BF4B-00C04F79EFBC}") = "Atlas.Blazor.Web.App.Client", "src\Atlas.Blazor.Web.App.Client\Atlas.Blazor.Web.App.Client.csproj", "{7D027900-00DF-68E1-EC62-3059672460E6}"
EndProject
Project("{2150E333-8FDC-42A3-9474-1A3956D46DE8}") = "commercial", "commercial", "{D5C9135E-1A99-4297-8FBA-4ABB478DF27D}"
EndProject
Project("{2150E333-8FDC-42A3-9474-1A3956D46DE8}") = "origin", "origin", "{36DBC5DB-C9A8-44F7-9D41-0DE0CC57C5A2}"
EndProject
Project("{FAE04EC0-301F-11D3-BF4B-00C04F79EFBC}") = "Origin.Core", "src\Origin\Origin.Core\Origin.Core.csproj", "{2A881961-88F6-0512-9A0F-17449DCE656B}"
EndProject
Project("{FAE04EC0-301F-11D3-BF4B-00C04F79EFBC}") = "Origin.Requests", "src\Origin\Origin.Requests\Origin.Requests.csproj", "{2C2E367C-0ADD-6F2B-5FE6-DEAFB1E284A1}"
EndProject
Project("{FAE04EC0-301F-11D3-BF4B-00C04F79EFBC}") = "Origin.Service", "src\Origin\Origin.Service\Origin.Service.csproj", "{B4E53E14-EAF4-9589-E9B3-E6B6F90B959B}"
EndProject
Project("{FAE04EC0-301F-11D3-BF4B-00C04F79EFBC}") = "Origin.Blazor.Web", "src\Origin\Origin.Blazor.Web\Origin.Blazor.Web.csproj", "{56B9326A-487B-9B2C-67E1-DDF519567DF5}"
EndProject
Project("{FAE04EC0-301F-11D3-BF4B-00C04F79EFBC}") = "Commercial.Core", "src\Commercial\Commercial.Core\Commercial.Core.csproj", "{BB208493-F79C-2AEA-0A08-7E3B1F13B583}"
EndProject
Project("{FAE04EC0-301F-11D3-BF4B-00C04F79EFBC}") = "Commercial.Blazor.Web", "src\Commercial\Commercial.Blazor.Web\Commercial.Blazor.Web.csproj", "{9CFB30FC-F549-9BCC-BDE4-72DC62E6B54E}"
EndProject
Project("{FAE04EC0-301F-11D3-BF4B-00C04F79EFBC}") = "Origin.Resources", "src\Origin\Origin.Resources\Origin.Resources.csproj", "{294306C0-1B2F-535D-D579-D3CF21CE3228}"
EndProject
Global
	GlobalSection(SolutionConfigurationPlatforms) = preSolution
		Debug|Any CPU = Debug|Any CPU
		Release|Any CPU = Release|Any CPU
	EndGlobalSection
	GlobalSection(ProjectConfigurationPlatforms) = postSolution
		{F1392744-B007-BF53-58C2-E5A75B9AB179}.Debug|Any CPU.ActiveCfg = Debug|Any CPU
		{F1392744-B007-BF53-58C2-E5A75B9AB179}.Debug|Any CPU.Build.0 = Debug|Any CPU
		{F1392744-B007-BF53-58C2-E5A75B9AB179}.Release|Any CPU.ActiveCfg = Release|Any CPU
		{F1392744-B007-BF53-58C2-E5A75B9AB179}.Release|Any CPU.Build.0 = Release|Any CPU
		{54010991-091A-14E3-9888-5DC177E047E6}.Debug|Any CPU.ActiveCfg = Debug|Any CPU
		{54010991-091A-14E3-9888-5DC177E047E6}.Debug|Any CPU.Build.0 = Debug|Any CPU
		{54010991-091A-14E3-9888-5DC177E047E6}.Release|Any CPU.ActiveCfg = Release|Any CPU
		{54010991-091A-14E3-9888-5DC177E047E6}.Release|Any CPU.Build.0 = Release|Any CPU
		{EE5D4469-15A9-BA7E-6DB7-2DFE92E6F5F1}.Debug|Any CPU.ActiveCfg = Debug|Any CPU
		{EE5D4469-15A9-BA7E-6DB7-2DFE92E6F5F1}.Debug|Any CPU.Build.0 = Debug|Any CPU
		{EE5D4469-15A9-BA7E-6DB7-2DFE92E6F5F1}.Release|Any CPU.ActiveCfg = Release|Any CPU
		{EE5D4469-15A9-BA7E-6DB7-2DFE92E6F5F1}.Release|Any CPU.Build.0 = Release|Any CPU
		{89EF73A6-9CCD-7E4E-F99E-DC7D06B45130}.Debug|Any CPU.ActiveCfg = Debug|Any CPU
		{89EF73A6-9CCD-7E4E-F99E-DC7D06B45130}.Debug|Any CPU.Build.0 = Debug|Any CPU
		{89EF73A6-9CCD-7E4E-F99E-DC7D06B45130}.Release|Any CPU.ActiveCfg = Release|Any CPU
		{89EF73A6-9CCD-7E4E-F99E-DC7D06B45130}.Release|Any CPU.Build.0 = Release|Any CPU
		{94D0D1ED-11B6-87A5-E2EE-1F279BA1A4F6}.Debug|Any CPU.ActiveCfg = Debug|Any CPU
		{94D0D1ED-11B6-87A5-E2EE-1F279BA1A4F6}.Debug|Any CPU.Build.0 = Debug|Any CPU
		{94D0D1ED-11B6-87A5-E2EE-1F279BA1A4F6}.Release|Any CPU.ActiveCfg = Release|Any CPU
		{94D0D1ED-11B6-87A5-E2EE-1F279BA1A4F6}.Release|Any CPU.Build.0 = Release|Any CPU
		{AFF779B7-5651-3DC8-1D87-085E8ECD30F6}.Debug|Any CPU.ActiveCfg = Debug|Any CPU
		{AFF779B7-5651-3DC8-1D87-085E8ECD30F6}.Debug|Any CPU.Build.0 = Debug|Any CPU
		{AFF779B7-5651-3DC8-1D87-085E8ECD30F6}.Release|Any CPU.ActiveCfg = Release|Any CPU
		{AFF779B7-5651-3DC8-1D87-085E8ECD30F6}.Release|Any CPU.Build.0 = Release|Any CPU
		{E3F7A8DA-E136-DE5B-428F-42C705A10EB5}.Debug|Any CPU.ActiveCfg = Debug|Any CPU
		{E3F7A8DA-E136-DE5B-428F-42C705A10EB5}.Debug|Any CPU.Build.0 = Debug|Any CPU
		{E3F7A8DA-E136-DE5B-428F-42C705A10EB5}.Release|Any CPU.ActiveCfg = Release|Any CPU
		{E3F7A8DA-E136-DE5B-428F-42C705A10EB5}.Release|Any CPU.Build.0 = Release|Any CPU
		{7D027900-00DF-68E1-EC62-3059672460E6}.Debug|Any CPU.ActiveCfg = Debug|Any CPU
		{7D027900-00DF-68E1-EC62-3059672460E6}.Debug|Any CPU.Build.0 = Debug|Any CPU
		{7D027900-00DF-68E1-EC62-3059672460E6}.Release|Any CPU.ActiveCfg = Release|Any CPU
		{7D027900-00DF-68E1-EC62-3059672460E6}.Release|Any CPU.Build.0 = Release|Any CPU
		{2A881961-88F6-0512-9A0F-17449DCE656B}.Debug|Any CPU.ActiveCfg = Debug|Any CPU
		{2A881961-88F6-0512-9A0F-17449DCE656B}.Debug|Any CPU.Build.0 = Debug|Any CPU
		{2A881961-88F6-0512-9A0F-17449DCE656B}.Release|Any CPU.ActiveCfg = Release|Any CPU
		{2A881961-88F6-0512-9A0F-17449DCE656B}.Release|Any CPU.Build.0 = Release|Any CPU
		{2C2E367C-0ADD-6F2B-5FE6-DEAFB1E284A1}.Debug|Any CPU.ActiveCfg = Debug|Any CPU
		{2C2E367C-0ADD-6F2B-5FE6-DEAFB1E284A1}.Debug|Any CPU.Build.0 = Debug|Any CPU
		{2C2E367C-0ADD-6F2B-5FE6-DEAFB1E284A1}.Release|Any CPU.ActiveCfg = Release|Any CPU
		{2C2E367C-0ADD-6F2B-5FE6-DEAFB1E284A1}.Release|Any CPU.Build.0 = Release|Any CPU
		{B4E53E14-EAF4-9589-E9B3-E6B6F90B959B}.Debug|Any CPU.ActiveCfg = Debug|Any CPU
		{B4E53E14-EAF4-9589-E9B3-E6B6F90B959B}.Debug|Any CPU.Build.0 = Debug|Any CPU
		{B4E53E14-EAF4-9589-E9B3-E6B6F90B959B}.Release|Any CPU.ActiveCfg = Release|Any CPU
		{B4E53E14-EAF4-9589-E9B3-E6B6F90B959B}.Release|Any CPU.Build.0 = Release|Any CPU
		{56B9326A-487B-9B2C-67E1-DDF519567DF5}.Debug|Any CPU.ActiveCfg = Debug|Any CPU
		{56B9326A-487B-9B2C-67E1-DDF519567DF5}.Debug|Any CPU.Build.0 = Debug|Any CPU
		{56B9326A-487B-9B2C-67E1-DDF519567DF5}.Release|Any CPU.ActiveCfg = Release|Any CPU
		{56B9326A-487B-9B2C-67E1-DDF519567DF5}.Release|Any CPU.Build.0 = Release|Any CPU
		{BB208493-F79C-2AEA-0A08-7E3B1F13B583}.Debug|Any CPU.ActiveCfg = Debug|Any CPU
		{BB208493-F79C-2AEA-0A08-7E3B1F13B583}.Debug|Any CPU.Build.0 = Debug|Any CPU
		{BB208493-F79C-2AEA-0A08-7E3B1F13B583}.Release|Any CPU.ActiveCfg = Release|Any CPU
		{BB208493-F79C-2AEA-0A08-7E3B1F13B583}.Release|Any CPU.Build.0 = Release|Any CPU
		{9CFB30FC-F549-9BCC-BDE4-72DC62E6B54E}.Debug|Any CPU.ActiveCfg = Debug|Any CPU
		{9CFB30FC-F549-9BCC-BDE4-72DC62E6B54E}.Debug|Any CPU.Build.0 = Debug|Any CPU
		{9CFB30FC-F549-9BCC-BDE4-72DC62E6B54E}.Release|Any CPU.ActiveCfg = Release|Any CPU
		{9CFB30FC-F549-9BCC-BDE4-72DC62E6B54E}.Release|Any CPU.Build.0 = Release|Any CPU
		{294306C0-1B2F-535D-D579-D3CF21CE3228}.Debug|Any CPU.ActiveCfg = Debug|Any CPU
		{294306C0-1B2F-535D-D579-D3CF21CE3228}.Debug|Any CPU.Build.0 = Debug|Any CPU
		{294306C0-1B2F-535D-D579-D3CF21CE3228}.Release|Any CPU.ActiveCfg = Release|Any CPU
		{294306C0-1B2F-535D-D579-D3CF21CE3228}.Release|Any CPU.Build.0 = Release|Any CPU
	EndGlobalSection
	GlobalSection(SolutionProperties) = preSolution
		HideSolutionNode = FALSE
	EndGlobalSection
	GlobalSection(NestedProjects) = preSolution
		{F1392744-B007-BF53-58C2-E5A75B9AB179} = {02EA681E-C7D8-13C7-8484-4AC65E1B71E8}
		{54010991-091A-14E3-9888-5DC177E047E6} = {02EA681E-C7D8-13C7-8484-4AC65E1B71E8}
		{EE5D4469-15A9-BA7E-6DB7-2DFE92E6F5F1} = {02EA681E-C7D8-13C7-8484-4AC65E1B71E8}
		{89EF73A6-9CCD-7E4E-F99E-DC7D06B45130} = {02EA681E-C7D8-13C7-8484-4AC65E1B71E8}
		{94D0D1ED-11B6-87A5-E2EE-1F279BA1A4F6} = {02EA681E-C7D8-13C7-8484-4AC65E1B71E8}
		{AFF779B7-5651-3DC8-1D87-085E8ECD30F6} = {02EA681E-C7D8-13C7-8484-4AC65E1B71E8}
		{E3F7A8DA-E136-DE5B-428F-42C705A10EB5} = {02EA681E-C7D8-13C7-8484-4AC65E1B71E8}
		{7D027900-00DF-68E1-EC62-3059672460E6} = {02EA681E-C7D8-13C7-8484-4AC65E1B71E8}
		{D5C9135E-1A99-4297-8FBA-4ABB478DF27D} = {02EA681E-C7D8-13C7-8484-4AC65E1B71E8}
		{36DBC5DB-C9A8-44F7-9D41-0DE0CC57C5A2} = {02EA681E-C7D8-13C7-8484-4AC65E1B71E8}
		{2A881961-88F6-0512-9A0F-17449DCE656B} = {36DBC5DB-C9A8-44F7-9D41-0DE0CC57C5A2}
		{2C2E367C-0ADD-6F2B-5FE6-DEAFB1E284A1} = {36DBC5DB-C9A8-44F7-9D41-0DE0CC57C5A2}
		{B4E53E14-EAF4-9589-E9B3-E6B6F90B959B} = {36DBC5DB-C9A8-44F7-9D41-0DE0CC57C5A2}
		{56B9326A-487B-9B2C-67E1-DDF519567DF5} = {36DBC5DB-C9A8-44F7-9D41-0DE0CC57C5A2}
		{BB208493-F79C-2AEA-0A08-7E3B1F13B583} = {D5C9135E-1A99-4297-8FBA-4ABB478DF27D}
		{9CFB30FC-F549-9BCC-BDE4-72DC62E6B54E} = {D5C9135E-1A99-4297-8FBA-4ABB478DF27D}
		{294306C0-1B2F-535D-D579-D3CF21CE3228} = {36DBC5DB-C9A8-44F7-9D41-0DE0CC57C5A2}
	EndGlobalSection
	GlobalSection(ExtensibilityGlobals) = postSolution
		SolutionGuid = {42877B0F-E8DC-4072-ADA7-9B8C6819B8A7}
	EndGlobalSection
EndGlobal
